
Microsoft Visual Studio Solution File, Format Version 12.00
# Visual Studio Version 16
VisualStudioVersion = 16.0.30128.74
MinimumVisualStudioVersion = 10.0.40219.1
Project("{FAE04EC0-301F-11D3-BF4B-00C04F79EFBC}") = "StoreMangaer", "StoreMangaer\StoreMangaer.csproj", "{9FF52E22-57EE-463B-BBAB-4F283D1310C2}"
EndProject
Project("{FAE04EC0-301F-11D3-BF4B-00C04F79EFBC}") = "Core.Objects2", "..\..\Core\Core.Objects2\Core.Objects2.csproj", "{E3E7E1BC-ABBA-402D-8601-842A0105605C}"
EndProject
Project("{FAE04EC0-301F-11D3-BF4B-00C04F79EFBC}") = "Core.DAL.StoreRepo", "..\..\Core\Core.DAL.StoreRepo\Core.DAL.StoreRepo.csproj", "{88A9DF96-FE76-4006-8F81-47237F37781E}"
EndProject
Project("{FAE04EC0-301F-11D3-BF4B-00C04F79EFBC}") = "Core.Database2", "..\..\Core\Core.Database2\Core.Database2.csproj", "{A5F0C836-0B7E-4EC3-99DB-918D198EA685}"
EndProject
Global
	GlobalSection(SolutionConfigurationPlatforms) = preSolution
		Debug|Any CPU = Debug|Any CPU
		Release|Any CPU = Release|Any CPU
	EndGlobalSection
	GlobalSection(ProjectConfigurationPlatforms) = postSolution
		{9FF52E22-57EE-463B-BBAB-4F283D1310C2}.Debug|Any CPU.ActiveCfg = Debug|Any CPU
		{9FF52E22-57EE-463B-BBAB-4F283D1310C2}.Debug|Any CPU.Build.0 = Debug|Any CPU
		{9FF52E22-57EE-463B-BBAB-4F283D1310C2}.Release|Any CPU.ActiveCfg = Release|Any CPU
		{9FF52E22-57EE-463B-BBAB-4F283D1310C2}.Release|Any CPU.Build.0 = Release|Any CPU
		{E3E7E1BC-ABBA-402D-8601-842A0105605C}.Debug|Any CPU.ActiveCfg = Debug|Any CPU
		{E3E7E1BC-ABBA-402D-8601-842A0105605C}.Debug|Any CPU.Build.0 = Debug|Any CPU
		{E3E7E1BC-ABBA-402D-8601-842A0105605C}.Release|Any CPU.ActiveCfg = Release|Any CPU
		{E3E7E1BC-ABBA-402D-8601-842A0105605C}.Release|Any CPU.Build.0 = Release|Any CPU
		{88A9DF96-FE76-4006-8F81-47237F37781E}.Debug|Any CPU.ActiveCfg = Debug|Any CPU
		{88A9DF96-FE76-4006-8F81-47237F37781E}.Debug|Any CPU.Build.0 = Debug|Any CPU
		{88A9DF96-FE76-4006-8F81-47237F37781E}.Release|Any CPU.ActiveCfg = Release|Any CPU
		{88A9DF96-FE76-4006-8F81-47237F37781E}.Release|Any CPU.Build.0 = Release|Any CPU
		{A5F0C836-0B7E-4EC3-99DB-918D198EA685}.Debug|Any CPU.ActiveCfg = Debug|Any CPU
		{A5F0C836-0B7E-4EC3-99DB-918D198EA685}.Debug|Any CPU.Build.0 = Debug|Any CPU
		{A5F0C836-0B7E-4EC3-99DB-918D198EA685}.Release|Any CPU.ActiveCfg = Release|Any CPU
		{A5F0C836-0B7E-4EC3-99DB-918D198EA685}.Release|Any CPU.Build.0 = Release|Any CPU
	EndGlobalSection
	GlobalSection(SolutionProperties) = preSolution
		HideSolutionNode = FALSE
	EndGlobalSection
	GlobalSection(ExtensibilityGlobals) = postSolution
		SolutionGuid = {056D02F0-28F2-4B96-B0F1-F26255036786}
	EndGlobalSection
EndGlobal
